// !$*UTF8*$!
{
	archiveVersion = 1;
	classes = {
	};
	objectVersion = 52;
	objects = {

/* Begin PBXBuildFile section */
		19DC93AD26FE3ACB0074CF39 /* AppDelegate.swift in Sources */ = {isa = PBXBuildFile; fileRef = 19DC93AC26FE3ACB0074CF39 /* AppDelegate.swift */; };
		19DC93AF26FE3ACB0074CF39 /* SceneDelegate.swift in Sources */ = {isa = PBXBuildFile; fileRef = 19DC93AE26FE3ACB0074CF39 /* SceneDelegate.swift */; };
		19DC93B426FE3ACB0074CF39 /* Main.storyboard in Resources */ = {isa = PBXBuildFile; fileRef = 19DC93B226FE3ACB0074CF39 /* Main.storyboard */; };
		19DC93B626FE3ACB0074CF39 /* Assets.xcassets in Resources */ = {isa = PBXBuildFile; fileRef = 19DC93B526FE3ACB0074CF39 /* Assets.xcassets */; };
		19DC93B926FE3ACB0074CF39 /* LaunchScreen.storyboard in Resources */ = {isa = PBXBuildFile; fileRef = 19DC93B726FE3ACB0074CF39 /* LaunchScreen.storyboard */; };
		19DC93C426FE3ACB0074CF39 /* WorkoutsForABetterTomorrowTests.swift in Sources */ = {isa = PBXBuildFile; fileRef = 19DC93C326FE3ACB0074CF39 /* WorkoutsForABetterTomorrowTests.swift */; };
		19DC941E26FE3C090074CF39 /* HealthKitHelper in Frameworks */ = {isa = PBXBuildFile; productRef = 19DC941D26FE3C090074CF39 /* HealthKitHelper */; };
		19DC942126FE3DF20074CF39 /* HealthKit.framework in Frameworks */ = {isa = PBXBuildFile; fileRef = 19DC942026FE3DF20074CF39 /* HealthKit.framework */; };
		19DC942E26FF8E380074CF39 /* Extension+UITableViewCell.swift in Sources */ = {isa = PBXBuildFile; fileRef = 19DC942D26FF8E380074CF39 /* Extension+UITableViewCell.swift */; };
		19DC943026FF8E4E0074CF39 /* Extension+UITableView.swift in Sources */ = {isa = PBXBuildFile; fileRef = 19DC942F26FF8E4E0074CF39 /* Extension+UITableView.swift */; };
		19DC943226FF8E660074CF39 /* Extension+UIView.swift in Sources */ = {isa = PBXBuildFile; fileRef = 19DC943126FF8E660074CF39 /* Extension+UIView.swift */; };
		19DC943426FF8E770074CF39 /* Extension+Array.swift in Sources */ = {isa = PBXBuildFile; fileRef = 19DC943326FF8E770074CF39 /* Extension+Array.swift */; };
		19DC943626FF8EDB0074CF39 /* GoalsListViewController.swift in Sources */ = {isa = PBXBuildFile; fileRef = 19DC943526FF8EDB0074CF39 /* GoalsListViewController.swift */; };
		19DC943826FF8F0B0074CF39 /* GoalsListViewModel.swift in Sources */ = {isa = PBXBuildFile; fileRef = 19DC943726FF8F0B0074CF39 /* GoalsListViewModel.swift */; };
		19DC943A26FFB7060074CF39 /* GoalsListModels.swift in Sources */ = {isa = PBXBuildFile; fileRef = 19DC943926FFB7060074CF39 /* GoalsListModels.swift */; };
		19DC943D26FFC4EC0074CF39 /* NetworkService.swift in Sources */ = {isa = PBXBuildFile; fileRef = 19DC943C26FFC4EC0074CF39 /* NetworkService.swift */; };
		19DC943F26FFC8900074CF39 /* Goal.swift in Sources */ = {isa = PBXBuildFile; fileRef = 19DC943E26FFC8900074CF39 /* Goal.swift */; };
		19DC944226FFC9B00074CF39 /* GoalsFetchingUseCase.swift in Sources */ = {isa = PBXBuildFile; fileRef = 19DC944126FFC9B00074CF39 /* GoalsFetchingUseCase.swift */; };
		19DC94442700489E0074CF39 /* GoalsNetworkService.swift in Sources */ = {isa = PBXBuildFile; fileRef = 19DC94432700489E0074CF39 /* GoalsNetworkService.swift */; };
		19DC9446270048D90074CF39 /* DefaultGoalsNetworkService.swift in Sources */ = {isa = PBXBuildFile; fileRef = 19DC9445270048D90074CF39 /* DefaultGoalsNetworkService.swift */; };
		19DC9449270049F70074CF39 /* GoalModel.swift in Sources */ = {isa = PBXBuildFile; fileRef = 19DC9448270049F60074CF39 /* GoalModel.swift */; };
		19DC944B27004A3D0074CF39 /* GoalTypeModel.swift in Sources */ = {isa = PBXBuildFile; fileRef = 19DC944A27004A3D0074CF39 /* GoalTypeModel.swift */; };
		19DC944D27004A5A0074CF39 /* GoalRewardModel.swift in Sources */ = {isa = PBXBuildFile; fileRef = 19DC944C27004A5A0074CF39 /* GoalRewardModel.swift */; };
		19DC944F27004A7F0074CF39 /* GoalTrophyModel.swift in Sources */ = {isa = PBXBuildFile; fileRef = 19DC944E27004A7F0074CF39 /* GoalTrophyModel.swift */; };
		19DC94582700505F0074CF39 /* GoalType.swift in Sources */ = {isa = PBXBuildFile; fileRef = 19DC94572700505F0074CF39 /* GoalType.swift */; };
		19DC945A270050820074CF39 /* GoalReward.swift in Sources */ = {isa = PBXBuildFile; fileRef = 19DC9459270050820074CF39 /* GoalReward.swift */; };
		19DC945C2700509A0074CF39 /* GoalTrophy.swift in Sources */ = {isa = PBXBuildFile; fileRef = 19DC945B2700509A0074CF39 /* GoalTrophy.swift */; };
		19DC945E270056460074CF39 /* Extension+Publisher.swift in Sources */ = {isa = PBXBuildFile; fileRef = 19DC945D270056460074CF39 /* Extension+Publisher.swift */; };
		19DC94622700610F0074CF39 /* GoalsResponseModel.swift in Sources */ = {isa = PBXBuildFile; fileRef = 19DC94612700610F0074CF39 /* GoalsResponseModel.swift */; };
		19DC9464270069AC0074CF39 /* Extension+String.swift in Sources */ = {isa = PBXBuildFile; fileRef = 19DC9463270069AC0074CF39 /* Extension+String.swift */; };
		19DC946A270073F90074CF39 /* GoalTableViewCell.swift in Sources */ = {isa = PBXBuildFile; fileRef = 19DC9468270073F90074CF39 /* GoalTableViewCell.swift */; };
		19DC946B270073F90074CF39 /* GoalTableViewCell.xib in Resources */ = {isa = PBXBuildFile; fileRef = 19DC9469270073F90074CF39 /* GoalTableViewCell.xib */; };
		19DC946D27007C4E0074CF39 /* Constants.swift in Sources */ = {isa = PBXBuildFile; fileRef = 19DC946C27007C4E0074CF39 /* Constants.swift */; };
		19DC946F27007D850074CF39 /* Extension+UIViewController.swift in Sources */ = {isa = PBXBuildFile; fileRef = 19DC946E27007D850074CF39 /* Extension+UIViewController.swift */; };
		19DC947127008B0D0074CF39 /* GoalViewModel.swift in Sources */ = {isa = PBXBuildFile; fileRef = 19DC947027008B0D0074CF39 /* GoalViewModel.swift */; };
		19DC9474270095940074CF39 /* ProgressView.swift in Sources */ = {isa = PBXBuildFile; fileRef = 19DC9473270095940074CF39 /* ProgressView.swift */; };
		19DC94772700C3750074CF39 /* GoalDetailsView.swift in Sources */ = {isa = PBXBuildFile; fileRef = 19DC94762700C3750074CF39 /* GoalDetailsView.swift */; };
		19DC94792700C4AC0074CF39 /* HealthSummaryUseCase.swift in Sources */ = {isa = PBXBuildFile; fileRef = 19DC94782700C4AC0074CF39 /* HealthSummaryUseCase.swift */; };
		19DC947B2700D1FE0074CF39 /* GoalDetailsViewModel.swift in Sources */ = {isa = PBXBuildFile; fileRef = 19DC947A2700D1FE0074CF39 /* GoalDetailsViewModel.swift */; };
		19DC947D2700E07A0074CF39 /* AppCoordinator.swift in Sources */ = {isa = PBXBuildFile; fileRef = 19DC947C2700E07A0074CF39 /* AppCoordinator.swift */; };
		19DC947F2700E1830074CF39 /* GoalListCoordinator.swift in Sources */ = {isa = PBXBuildFile; fileRef = 19DC947E2700E1830074CF39 /* GoalListCoordinator.swift */; };
		19DC94812700E5280074CF39 /* GoalDetailsCoordinator.swift in Sources */ = {isa = PBXBuildFile; fileRef = 19DC94802700E5280074CF39 /* GoalDetailsCoordinator.swift */; };
		19DC9487270100900074CF39 /* WorkoutsForABetterTomorrow.xcdatamodeld in Sources */ = {isa = PBXBuildFile; fileRef = 19DC9485270100900074CF39 /* WorkoutsForABetterTomorrow.xcdatamodeld */; };
		19DC9489270107180074CF39 /* CacheableGoalsUseCase.swift in Sources */ = {isa = PBXBuildFile; fileRef = 19DC9488270107180074CF39 /* CacheableGoalsUseCase.swift */; };
		19DC948B2701077C0074CF39 /* CoreDataService.swift in Sources */ = {isa = PBXBuildFile; fileRef = 19DC948A2701077C0074CF39 /* CoreDataService.swift */; };
		19DC948E27010CD20074CF39 /* Extension+GoalEntity.swift in Sources */ = {isa = PBXBuildFile; fileRef = 19DC948D27010CD20074CF39 /* Extension+GoalEntity.swift */; };
		19DC949027010D870074CF39 /* Extension+RewardEntity.swift in Sources */ = {isa = PBXBuildFile; fileRef = 19DC948F27010D870074CF39 /* Extension+RewardEntity.swift */; };
/* End PBXBuildFile section */

/* Begin PBXContainerItemProxy section */
		19DC93C026FE3ACB0074CF39 /* PBXContainerItemProxy */ = {
			isa = PBXContainerItemProxy;
			containerPortal = 19DC93A126FE3ACA0074CF39 /* Project object */;
			proxyType = 1;
			remoteGlobalIDString = 19DC93A826FE3ACB0074CF39;
			remoteInfo = WorkoutsForABetterTomorrow;
		};
/* End PBXContainerItemProxy section */

/* Begin PBXFileReference section */
		19DC93A926FE3ACB0074CF39 /* WorkoutsForABetterTomorrow.app */ = {isa = PBXFileReference; explicitFileType = wrapper.application; includeInIndex = 0; path = WorkoutsForABetterTomorrow.app; sourceTree = BUILT_PRODUCTS_DIR; };
		19DC93AC26FE3ACB0074CF39 /* AppDelegate.swift */ = {isa = PBXFileReference; lastKnownFileType = sourcecode.swift; path = AppDelegate.swift; sourceTree = "<group>"; };
		19DC93AE26FE3ACB0074CF39 /* SceneDelegate.swift */ = {isa = PBXFileReference; lastKnownFileType = sourcecode.swift; path = SceneDelegate.swift; sourceTree = "<group>"; };
		19DC93B326FE3ACB0074CF39 /* Base */ = {isa = PBXFileReference; lastKnownFileType = file.storyboard; name = Base; path = Base.lproj/Main.storyboard; sourceTree = "<group>"; };
		19DC93B526FE3ACB0074CF39 /* Assets.xcassets */ = {isa = PBXFileReference; lastKnownFileType = folder.assetcatalog; path = Assets.xcassets; sourceTree = "<group>"; };
		19DC93B826FE3ACB0074CF39 /* Base */ = {isa = PBXFileReference; lastKnownFileType = file.storyboard; name = Base; path = Base.lproj/LaunchScreen.storyboard; sourceTree = "<group>"; };
		19DC93BA26FE3ACB0074CF39 /* Info.plist */ = {isa = PBXFileReference; lastKnownFileType = text.plist.xml; path = Info.plist; sourceTree = "<group>"; };
		19DC93BF26FE3ACB0074CF39 /* WorkoutsForABetterTomorrowTests.xctest */ = {isa = PBXFileReference; explicitFileType = wrapper.cfbundle; includeInIndex = 0; path = WorkoutsForABetterTomorrowTests.xctest; sourceTree = BUILT_PRODUCTS_DIR; };
		19DC93C326FE3ACB0074CF39 /* WorkoutsForABetterTomorrowTests.swift */ = {isa = PBXFileReference; lastKnownFileType = sourcecode.swift; path = WorkoutsForABetterTomorrowTests.swift; sourceTree = "<group>"; };
		19DC93C526FE3ACB0074CF39 /* Info.plist */ = {isa = PBXFileReference; lastKnownFileType = text.plist.xml; path = Info.plist; sourceTree = "<group>"; };
		19DC941726FE3BA30074CF39 /* HealthKitHelper */ = {isa = PBXFileReference; lastKnownFileType = folder; name = HealthKitHelper; path = ../HealthKitHelper; sourceTree = "<group>"; };
		19DC941F26FE3DF20074CF39 /* WorkoutsForABetterTomorrow.entitlements */ = {isa = PBXFileReference; lastKnownFileType = text.plist.entitlements; path = WorkoutsForABetterTomorrow.entitlements; sourceTree = "<group>"; };
		19DC942026FE3DF20074CF39 /* HealthKit.framework */ = {isa = PBXFileReference; lastKnownFileType = wrapper.framework; name = HealthKit.framework; path = System/Library/Frameworks/HealthKit.framework; sourceTree = SDKROOT; };
		19DC942D26FF8E380074CF39 /* Extension+UITableViewCell.swift */ = {isa = PBXFileReference; lastKnownFileType = sourcecode.swift; path = "Extension+UITableViewCell.swift"; sourceTree = "<group>"; };
		19DC942F26FF8E4E0074CF39 /* Extension+UITableView.swift */ = {isa = PBXFileReference; lastKnownFileType = sourcecode.swift; path = "Extension+UITableView.swift"; sourceTree = "<group>"; };
		19DC943126FF8E660074CF39 /* Extension+UIView.swift */ = {isa = PBXFileReference; lastKnownFileType = sourcecode.swift; path = "Extension+UIView.swift"; sourceTree = "<group>"; };
		19DC943326FF8E770074CF39 /* Extension+Array.swift */ = {isa = PBXFileReference; lastKnownFileType = sourcecode.swift; path = "Extension+Array.swift"; sourceTree = "<group>"; };
		19DC943526FF8EDB0074CF39 /* GoalsListViewController.swift */ = {isa = PBXFileReference; lastKnownFileType = sourcecode.swift; path = GoalsListViewController.swift; sourceTree = "<group>"; };
		19DC943726FF8F0B0074CF39 /* GoalsListViewModel.swift */ = {isa = PBXFileReference; lastKnownFileType = sourcecode.swift; path = GoalsListViewModel.swift; sourceTree = "<group>"; };
		19DC943926FFB7060074CF39 /* GoalsListModels.swift */ = {isa = PBXFileReference; lastKnownFileType = sourcecode.swift; path = GoalsListModels.swift; sourceTree = "<group>"; };
		19DC943C26FFC4EC0074CF39 /* NetworkService.swift */ = {isa = PBXFileReference; lastKnownFileType = sourcecode.swift; path = NetworkService.swift; sourceTree = "<group>"; };
		19DC943E26FFC8900074CF39 /* Goal.swift */ = {isa = PBXFileReference; lastKnownFileType = sourcecode.swift; path = Goal.swift; sourceTree = "<group>"; };
		19DC944126FFC9B00074CF39 /* GoalsFetchingUseCase.swift */ = {isa = PBXFileReference; lastKnownFileType = sourcecode.swift; path = GoalsFetchingUseCase.swift; sourceTree = "<group>"; };
		19DC94432700489E0074CF39 /* GoalsNetworkService.swift */ = {isa = PBXFileReference; lastKnownFileType = sourcecode.swift; path = GoalsNetworkService.swift; sourceTree = "<group>"; };
		19DC9445270048D90074CF39 /* DefaultGoalsNetworkService.swift */ = {isa = PBXFileReference; lastKnownFileType = sourcecode.swift; path = DefaultGoalsNetworkService.swift; sourceTree = "<group>"; };
		19DC9448270049F60074CF39 /* GoalModel.swift */ = {isa = PBXFileReference; lastKnownFileType = sourcecode.swift; path = GoalModel.swift; sourceTree = "<group>"; };
		19DC944A27004A3D0074CF39 /* GoalTypeModel.swift */ = {isa = PBXFileReference; lastKnownFileType = sourcecode.swift; path = GoalTypeModel.swift; sourceTree = "<group>"; };
		19DC944C27004A5A0074CF39 /* GoalRewardModel.swift */ = {isa = PBXFileReference; lastKnownFileType = sourcecode.swift; path = GoalRewardModel.swift; sourceTree = "<group>"; };
		19DC944E27004A7F0074CF39 /* GoalTrophyModel.swift */ = {isa = PBXFileReference; lastKnownFileType = sourcecode.swift; path = GoalTrophyModel.swift; sourceTree = "<group>"; };
		19DC94572700505F0074CF39 /* GoalType.swift */ = {isa = PBXFileReference; lastKnownFileType = sourcecode.swift; path = GoalType.swift; sourceTree = "<group>"; };
		19DC9459270050820074CF39 /* GoalReward.swift */ = {isa = PBXFileReference; lastKnownFileType = sourcecode.swift; path = GoalReward.swift; sourceTree = "<group>"; };
		19DC945B2700509A0074CF39 /* GoalTrophy.swift */ = {isa = PBXFileReference; lastKnownFileType = sourcecode.swift; path = GoalTrophy.swift; sourceTree = "<group>"; };
		19DC945D270056460074CF39 /* Extension+Publisher.swift */ = {isa = PBXFileReference; lastKnownFileType = sourcecode.swift; path = "Extension+Publisher.swift"; sourceTree = "<group>"; };
		19DC94612700610F0074CF39 /* GoalsResponseModel.swift */ = {isa = PBXFileReference; lastKnownFileType = sourcecode.swift; path = GoalsResponseModel.swift; sourceTree = "<group>"; };
		19DC9463270069AC0074CF39 /* Extension+String.swift */ = {isa = PBXFileReference; lastKnownFileType = sourcecode.swift; path = "Extension+String.swift"; sourceTree = "<group>"; };
		19DC9468270073F90074CF39 /* GoalTableViewCell.swift */ = {isa = PBXFileReference; lastKnownFileType = sourcecode.swift; path = GoalTableViewCell.swift; sourceTree = "<group>"; };
		19DC9469270073F90074CF39 /* GoalTableViewCell.xib */ = {isa = PBXFileReference; lastKnownFileType = file.xib; path = GoalTableViewCell.xib; sourceTree = "<group>"; };
		19DC946C27007C4E0074CF39 /* Constants.swift */ = {isa = PBXFileReference; lastKnownFileType = sourcecode.swift; path = Constants.swift; sourceTree = "<group>"; };
		19DC946E27007D850074CF39 /* Extension+UIViewController.swift */ = {isa = PBXFileReference; lastKnownFileType = sourcecode.swift; path = "Extension+UIViewController.swift"; sourceTree = "<group>"; };
		19DC947027008B0D0074CF39 /* GoalViewModel.swift */ = {isa = PBXFileReference; lastKnownFileType = sourcecode.swift; path = GoalViewModel.swift; sourceTree = "<group>"; };
		19DC9473270095940074CF39 /* ProgressView.swift */ = {isa = PBXFileReference; lastKnownFileType = sourcecode.swift; path = ProgressView.swift; sourceTree = "<group>"; };
		19DC94762700C3750074CF39 /* GoalDetailsView.swift */ = {isa = PBXFileReference; lastKnownFileType = sourcecode.swift; path = GoalDetailsView.swift; sourceTree = "<group>"; };
		19DC94782700C4AC0074CF39 /* HealthSummaryUseCase.swift */ = {isa = PBXFileReference; lastKnownFileType = sourcecode.swift; path = HealthSummaryUseCase.swift; sourceTree = "<group>"; };
		19DC947A2700D1FE0074CF39 /* GoalDetailsViewModel.swift */ = {isa = PBXFileReference; lastKnownFileType = sourcecode.swift; path = GoalDetailsViewModel.swift; sourceTree = "<group>"; };
		19DC947C2700E07A0074CF39 /* AppCoordinator.swift */ = {isa = PBXFileReference; lastKnownFileType = sourcecode.swift; path = AppCoordinator.swift; sourceTree = "<group>"; };
		19DC947E2700E1830074CF39 /* GoalListCoordinator.swift */ = {isa = PBXFileReference; lastKnownFileType = sourcecode.swift; path = GoalListCoordinator.swift; sourceTree = "<group>"; };
		19DC94802700E5280074CF39 /* GoalDetailsCoordinator.swift */ = {isa = PBXFileReference; lastKnownFileType = sourcecode.swift; path = GoalDetailsCoordinator.swift; sourceTree = "<group>"; };
		19DC9486270100900074CF39 /* WorkoutsForABetterTomorrow.xcdatamodel */ = {isa = PBXFileReference; lastKnownFileType = wrapper.xcdatamodel; path = WorkoutsForABetterTomorrow.xcdatamodel; sourceTree = "<group>"; };
		19DC9488270107180074CF39 /* CacheableGoalsUseCase.swift */ = {isa = PBXFileReference; lastKnownFileType = sourcecode.swift; path = CacheableGoalsUseCase.swift; sourceTree = "<group>"; };
		19DC948A2701077C0074CF39 /* CoreDataService.swift */ = {isa = PBXFileReference; lastKnownFileType = sourcecode.swift; path = CoreDataService.swift; sourceTree = "<group>"; };
		19DC948D27010CD20074CF39 /* Extension+GoalEntity.swift */ = {isa = PBXFileReference; lastKnownFileType = sourcecode.swift; path = "Extension+GoalEntity.swift"; sourceTree = "<group>"; };
		19DC948F27010D870074CF39 /* Extension+RewardEntity.swift */ = {isa = PBXFileReference; lastKnownFileType = sourcecode.swift; path = "Extension+RewardEntity.swift"; sourceTree = "<group>"; };
/* End PBXFileReference section */

/* Begin PBXFrameworksBuildPhase section */
		19DC93A626FE3ACB0074CF39 /* Frameworks */ = {
			isa = PBXFrameworksBuildPhase;
			buildActionMask = 2147483647;
			files = (
				19DC941E26FE3C090074CF39 /* HealthKitHelper in Frameworks */,
				19DC942126FE3DF20074CF39 /* HealthKit.framework in Frameworks */,
			);
			runOnlyForDeploymentPostprocessing = 0;
		};
		19DC93BC26FE3ACB0074CF39 /* Frameworks */ = {
			isa = PBXFrameworksBuildPhase;
			buildActionMask = 2147483647;
			files = (
			);
			runOnlyForDeploymentPostprocessing = 0;
		};
/* End PBXFrameworksBuildPhase section */

/* Begin PBXGroup section */
		19DC93A026FE3ACA0074CF39 = {
			isa = PBXGroup;
			children = (
				19DC941726FE3BA30074CF39 /* HealthKitHelper */,
				19DC93AB26FE3ACB0074CF39 /* WorkoutsForABetterTomorrow */,
				19DC93C226FE3ACB0074CF39 /* WorkoutsForABetterTomorrowTests */,
				19DC93AA26FE3ACB0074CF39 /* Products */,
				19DC941C26FE3C090074CF39 /* Frameworks */,
			);
			sourceTree = "<group>";
		};
		19DC93AA26FE3ACB0074CF39 /* Products */ = {
			isa = PBXGroup;
			children = (
				19DC93A926FE3ACB0074CF39 /* WorkoutsForABetterTomorrow.app */,
				19DC93BF26FE3ACB0074CF39 /* WorkoutsForABetterTomorrowTests.xctest */,
			);
			name = Products;
			sourceTree = "<group>";
		};
		19DC93AB26FE3ACB0074CF39 /* WorkoutsForABetterTomorrow */ = {
			isa = PBXGroup;
			children = (
				19DC941F26FE3DF20074CF39 /* WorkoutsForABetterTomorrow.entitlements */,
				19DC9472270095800074CF39 /* CommonViews */,
				19DC943B26FFC4DF0074CF39 /* Services */,
				19DC944026FFC99F0074CF39 /* UseCases */,
				19DC941926FE3BE60074CF39 /* Resources */,
				19DC941A26FE3BEE0074CF39 /* Models */,
				19DC942A26FF8E0C0074CF39 /* Extensions */,
				19DC941B26FE3BF20074CF39 /* Scenes */,
				19DC93AC26FE3ACB0074CF39 /* AppDelegate.swift */,
				19DC93AE26FE3ACB0074CF39 /* SceneDelegate.swift */,
				19DC947C2700E07A0074CF39 /* AppCoordinator.swift */,
				19DC93B226FE3ACB0074CF39 /* Main.storyboard */,
				19DC93B526FE3ACB0074CF39 /* Assets.xcassets */,
				19DC93B726FE3ACB0074CF39 /* LaunchScreen.storyboard */,
				19DC93BA26FE3ACB0074CF39 /* Info.plist */,
			);
			path = WorkoutsForABetterTomorrow;
			sourceTree = "<group>";
		};
		19DC93C226FE3ACB0074CF39 /* WorkoutsForABetterTomorrowTests */ = {
			isa = PBXGroup;
			children = (
				19DC93C326FE3ACB0074CF39 /* WorkoutsForABetterTomorrowTests.swift */,
				19DC93C526FE3ACB0074CF39 /* Info.plist */,
			);
			path = WorkoutsForABetterTomorrowTests;
			sourceTree = "<group>";
		};
		19DC941926FE3BE60074CF39 /* Resources */ = {
			isa = PBXGroup;
			children = (
				19DC946C27007C4E0074CF39 /* Constants.swift */,
				19DC9485270100900074CF39 /* WorkoutsForABetterTomorrow.xcdatamodeld */,
			);
			path = Resources;
			sourceTree = "<group>";
		};
		19DC941A26FE3BEE0074CF39 /* Models */ = {
			isa = PBXGroup;
			children = (
				19DC943E26FFC8900074CF39 /* Goal.swift */,
				19DC94572700505F0074CF39 /* GoalType.swift */,
				19DC9459270050820074CF39 /* GoalReward.swift */,
				19DC945B2700509A0074CF39 /* GoalTrophy.swift */,
			);
			path = Models;
			sourceTree = "<group>";
		};
		19DC941B26FE3BF20074CF39 /* Scenes */ = {
			isa = PBXGroup;
			children = (
				19DC942226FF8D030074CF39 /* GoalsList */,
				19DC94752700C3640074CF39 /* GoalDetails */,
			);
			path = Scenes;
			sourceTree = "<group>";
		};
		19DC941C26FE3C090074CF39 /* Frameworks */ = {
			isa = PBXGroup;
			children = (
				19DC942026FE3DF20074CF39 /* HealthKit.framework */,
			);
			name = Frameworks;
			sourceTree = "<group>";
		};
		19DC942226FF8D030074CF39 /* GoalsList */ = {
			isa = PBXGroup;
			children = (
				19DC9467270073DE0074CF39 /* GoalTableViewCell */,
				19DC947E2700E1830074CF39 /* GoalListCoordinator.swift */,
				19DC943526FF8EDB0074CF39 /* GoalsListViewController.swift */,
				19DC943726FF8F0B0074CF39 /* GoalsListViewModel.swift */,
				19DC943926FFB7060074CF39 /* GoalsListModels.swift */,
			);
			path = GoalsList;
			sourceTree = "<group>";
		};
		19DC942A26FF8E0C0074CF39 /* Extensions */ = {
			isa = PBXGroup;
			children = (
				19DC946E27007D850074CF39 /* Extension+UIViewController.swift */,
				19DC942D26FF8E380074CF39 /* Extension+UITableViewCell.swift */,
				19DC942F26FF8E4E0074CF39 /* Extension+UITableView.swift */,
				19DC943126FF8E660074CF39 /* Extension+UIView.swift */,
				19DC943326FF8E770074CF39 /* Extension+Array.swift */,
				19DC945D270056460074CF39 /* Extension+Publisher.swift */,
				19DC9463270069AC0074CF39 /* Extension+String.swift */,
			);
			path = Extensions;
			sourceTree = "<group>";
		};
		19DC943B26FFC4DF0074CF39 /* Services */ = {
			isa = PBXGroup;
			children = (
				19DC945227004B8F0074CF39 /* CoreDataService */,
				19DC9447270049E50074CF39 /* NetworkModels */,
				19DC945027004B770074CF39 /* NetworkService */,
				19DC945127004B820074CF39 /* GoalsNetworkService */,
			);
			path = Services;
			sourceTree = "<group>";
		};
		19DC944026FFC99F0074CF39 /* UseCases */ = {
			isa = PBXGroup;
			children = (
				19DC9488270107180074CF39 /* CacheableGoalsUseCase.swift */,
				19DC944126FFC9B00074CF39 /* GoalsFetchingUseCase.swift */,
				19DC94782700C4AC0074CF39 /* HealthSummaryUseCase.swift */,
			);
			path = UseCases;
			sourceTree = "<group>";
		};
		19DC9447270049E50074CF39 /* NetworkModels */ = {
			isa = PBXGroup;
			children = (
				19DC94612700610F0074CF39 /* GoalsResponseModel.swift */,
				19DC9448270049F60074CF39 /* GoalModel.swift */,
				19DC944A27004A3D0074CF39 /* GoalTypeModel.swift */,
				19DC944C27004A5A0074CF39 /* GoalRewardModel.swift */,
				19DC944E27004A7F0074CF39 /* GoalTrophyModel.swift */,
			);
			path = NetworkModels;
			sourceTree = "<group>";
		};
		19DC945027004B770074CF39 /* NetworkService */ = {
			isa = PBXGroup;
			children = (
				19DC943C26FFC4EC0074CF39 /* NetworkService.swift */,
			);
			path = NetworkService;
			sourceTree = "<group>";
		};
		19DC945127004B820074CF39 /* GoalsNetworkService */ = {
			isa = PBXGroup;
			children = (
				19DC94432700489E0074CF39 /* GoalsNetworkService.swift */,
				19DC9445270048D90074CF39 /* DefaultGoalsNetworkService.swift */,
			);
			path = GoalsNetworkService;
			sourceTree = "<group>";
		};
		19DC945227004B8F0074CF39 /* CoreDataService */ = {
			isa = PBXGroup;
			children = (
				19DC948C27010CB60074CF39 /* ModelExtensions */,
				19DC948A2701077C0074CF39 /* CoreDataService.swift */,
			);
			path = CoreDataService;
			sourceTree = "<group>";
		};
		19DC9467270073DE0074CF39 /* GoalTableViewCell */ = {
			isa = PBXGroup;
			children = (
				19DC947027008B0D0074CF39 /* GoalViewModel.swift */,
				19DC9468270073F90074CF39 /* GoalTableViewCell.swift */,
				19DC9469270073F90074CF39 /* GoalTableViewCell.xib */,
			);
			path = GoalTableViewCell;
			sourceTree = "<group>";
		};
		19DC9472270095800074CF39 /* CommonViews */ = {
			isa = PBXGroup;
			children = (
				19DC9473270095940074CF39 /* ProgressView.swift */,
			);
			path = CommonViews;
			sourceTree = "<group>";
		};
		19DC94752700C3640074CF39 /* GoalDetails */ = {
			isa = PBXGroup;
			children = (
				19DC94802700E5280074CF39 /* GoalDetailsCoordinator.swift */,
				19DC947A2700D1FE0074CF39 /* GoalDetailsViewModel.swift */,
				19DC94762700C3750074CF39 /* GoalDetailsView.swift */,
			);
			path = GoalDetails;
			sourceTree = "<group>";
		};
		19DC948C27010CB60074CF39 /* ModelExtensions */ = {
			isa = PBXGroup;
			children = (
				19DC948D27010CD20074CF39 /* Extension+GoalEntity.swift */,
				19DC948F27010D870074CF39 /* Extension+RewardEntity.swift */,
			);
			path = ModelExtensions;
			sourceTree = "<group>";
		};
/* End PBXGroup section */

/* Begin PBXNativeTarget section */
		19DC93A826FE3ACB0074CF39 /* WorkoutsForABetterTomorrow */ = {
			isa = PBXNativeTarget;
			buildConfigurationList = 19DC93D326FE3ACB0074CF39 /* Build configuration list for PBXNativeTarget "WorkoutsForABetterTomorrow" */;
			buildPhases = (
				19DC93A526FE3ACB0074CF39 /* Sources */,
				19DC93A626FE3ACB0074CF39 /* Frameworks */,
				19DC93A726FE3ACB0074CF39 /* Resources */,
			);
			buildRules = (
			);
			dependencies = (
			);
			name = WorkoutsForABetterTomorrow;
			packageProductDependencies = (
				19DC941D26FE3C090074CF39 /* HealthKitHelper */,
			);
			productName = WorkoutsForABetterTomorrow;
			productReference = 19DC93A926FE3ACB0074CF39 /* WorkoutsForABetterTomorrow.app */;
			productType = "com.apple.product-type.application";
		};
		19DC93BE26FE3ACB0074CF39 /* WorkoutsForABetterTomorrowTests */ = {
			isa = PBXNativeTarget;
			buildConfigurationList = 19DC93D626FE3ACB0074CF39 /* Build configuration list for PBXNativeTarget "WorkoutsForABetterTomorrowTests" */;
			buildPhases = (
				19DC93BB26FE3ACB0074CF39 /* Sources */,
				19DC93BC26FE3ACB0074CF39 /* Frameworks */,
				19DC93BD26FE3ACB0074CF39 /* Resources */,
			);
			buildRules = (
			);
			dependencies = (
				19DC93C126FE3ACB0074CF39 /* PBXTargetDependency */,
			);
			name = WorkoutsForABetterTomorrowTests;
			productName = WorkoutsForABetterTomorrowTests;
			productReference = 19DC93BF26FE3ACB0074CF39 /* WorkoutsForABetterTomorrowTests.xctest */;
			productType = "com.apple.product-type.bundle.unit-test";
		};
/* End PBXNativeTarget section */

/* Begin PBXProject section */
		19DC93A126FE3ACA0074CF39 /* Project object */ = {
			isa = PBXProject;
			attributes = {
				LastSwiftUpdateCheck = 1250;
				LastUpgradeCheck = 1250;
				TargetAttributes = {
					19DC93A826FE3ACB0074CF39 = {
						CreatedOnToolsVersion = 12.5;
					};
					19DC93BE26FE3ACB0074CF39 = {
						CreatedOnToolsVersion = 12.5;
						TestTargetID = 19DC93A826FE3ACB0074CF39;
					};
				};
			};
			buildConfigurationList = 19DC93A426FE3ACA0074CF39 /* Build configuration list for PBXProject "WorkoutsForABetterTomorrow" */;
			compatibilityVersion = "Xcode 9.3";
			developmentRegion = en;
			hasScannedForEncodings = 0;
			knownRegions = (
				en,
				Base,
			);
			mainGroup = 19DC93A026FE3ACA0074CF39;
			productRefGroup = 19DC93AA26FE3ACB0074CF39 /* Products */;
			projectDirPath = "";
			projectRoot = "";
			targets = (
				19DC93A826FE3ACB0074CF39 /* WorkoutsForABetterTomorrow */,
				19DC93BE26FE3ACB0074CF39 /* WorkoutsForABetterTomorrowTests */,
			);
		};
/* End PBXProject section */

/* Begin PBXResourcesBuildPhase section */
		19DC93A726FE3ACB0074CF39 /* Resources */ = {
			isa = PBXResourcesBuildPhase;
			buildActionMask = 2147483647;
			files = (
				19DC946B270073F90074CF39 /* GoalTableViewCell.xib in Resources */,
				19DC93B926FE3ACB0074CF39 /* LaunchScreen.storyboard in Resources */,
				19DC93B626FE3ACB0074CF39 /* Assets.xcassets in Resources */,
				19DC93B426FE3ACB0074CF39 /* Main.storyboard in Resources */,
			);
			runOnlyForDeploymentPostprocessing = 0;
		};
		19DC93BD26FE3ACB0074CF39 /* Resources */ = {
			isa = PBXResourcesBuildPhase;
			buildActionMask = 2147483647;
			files = (
			);
			runOnlyForDeploymentPostprocessing = 0;
		};
/* End PBXResourcesBuildPhase section */

/* Begin PBXSourcesBuildPhase section */
		19DC93A526FE3ACB0074CF39 /* Sources */ = {
			isa = PBXSourcesBuildPhase;
			buildActionMask = 2147483647;
			files = (
				19DC94442700489E0074CF39 /* GoalsNetworkService.swift in Sources */,
				19DC949027010D870074CF39 /* Extension+RewardEntity.swift in Sources */,
				19DC944D27004A5A0074CF39 /* GoalRewardModel.swift in Sources */,
				19DC93AD26FE3ACB0074CF39 /* AppDelegate.swift in Sources */,
				19DC948E27010CD20074CF39 /* Extension+GoalEntity.swift in Sources */,
				19DC945E270056460074CF39 /* Extension+Publisher.swift in Sources */,
				19DC943626FF8EDB0074CF39 /* GoalsListViewController.swift in Sources */,
				19DC943A26FFB7060074CF39 /* GoalsListModels.swift in Sources */,
				19DC9474270095940074CF39 /* ProgressView.swift in Sources */,
				19DC944B27004A3D0074CF39 /* GoalTypeModel.swift in Sources */,
				19DC942E26FF8E380074CF39 /* Extension+UITableViewCell.swift in Sources */,
				19DC943D26FFC4EC0074CF39 /* NetworkService.swift in Sources */,
				19DC946F27007D850074CF39 /* Extension+UIViewController.swift in Sources */,
				19DC945A270050820074CF39 /* GoalReward.swift in Sources */,
				19DC946D27007C4E0074CF39 /* Constants.swift in Sources */,
				19DC94582700505F0074CF39 /* GoalType.swift in Sources */,
				19DC944F27004A7F0074CF39 /* GoalTrophyModel.swift in Sources */,
				19DC945C2700509A0074CF39 /* GoalTrophy.swift in Sources */,
				19DC93AF26FE3ACB0074CF39 /* SceneDelegate.swift in Sources */,
				19DC9449270049F70074CF39 /* GoalModel.swift in Sources */,
				19DC943026FF8E4E0074CF39 /* Extension+UITableView.swift in Sources */,
				19DC9487270100900074CF39 /* WorkoutsForABetterTomorrow.xcdatamodeld in Sources */,
				19DC94772700C3750074CF39 /* GoalDetailsView.swift in Sources */,
				19DC943826FF8F0B0074CF39 /* GoalsListViewModel.swift in Sources */,
				19DC947B2700D1FE0074CF39 /* GoalDetailsViewModel.swift in Sources */,
				19DC947F2700E1830074CF39 /* GoalListCoordinator.swift in Sources */,
				19DC944226FFC9B00074CF39 /* GoalsFetchingUseCase.swift in Sources */,
				19DC943226FF8E660074CF39 /* Extension+UIView.swift in Sources */,
				19DC9489270107180074CF39 /* CacheableGoalsUseCase.swift in Sources */,
				19DC946A270073F90074CF39 /* GoalTableViewCell.swift in Sources */,
				19DC943F26FFC8900074CF39 /* Goal.swift in Sources */,
				19DC947D2700E07A0074CF39 /* AppCoordinator.swift in Sources */,
				19DC94622700610F0074CF39 /* GoalsResponseModel.swift in Sources */,
				19DC9446270048D90074CF39 /* DefaultGoalsNetworkService.swift in Sources */,
				19DC948B2701077C0074CF39 /* CoreDataService.swift in Sources */,
				19DC94812700E5280074CF39 /* GoalDetailsCoordinator.swift in Sources */,
				19DC94792700C4AC0074CF39 /* HealthSummaryUseCase.swift in Sources */,
				19DC943426FF8E770074CF39 /* Extension+Array.swift in Sources */,
				19DC9464270069AC0074CF39 /* Extension+String.swift in Sources */,
				19DC947127008B0D0074CF39 /* GoalViewModel.swift in Sources */,
			);
			runOnlyForDeploymentPostprocessing = 0;
		};
		19DC93BB26FE3ACB0074CF39 /* Sources */ = {
			isa = PBXSourcesBuildPhase;
			buildActionMask = 2147483647;
			files = (
				19DC93C426FE3ACB0074CF39 /* WorkoutsForABetterTomorrowTests.swift in Sources */,
			);
			runOnlyForDeploymentPostprocessing = 0;
		};
/* End PBXSourcesBuildPhase section */

/* Begin PBXTargetDependency section */
		19DC93C126FE3ACB0074CF39 /* PBXTargetDependency */ = {
			isa = PBXTargetDependency;
			target = 19DC93A826FE3ACB0074CF39 /* WorkoutsForABetterTomorrow */;
			targetProxy = 19DC93C026FE3ACB0074CF39 /* PBXContainerItemProxy */;
		};
/* End PBXTargetDependency section */

/* Begin PBXVariantGroup section */
		19DC93B226FE3ACB0074CF39 /* Main.storyboard */ = {
			isa = PBXVariantGroup;
			children = (
				19DC93B326FE3ACB0074CF39 /* Base */,
			);
			name = Main.storyboard;
			sourceTree = "<group>";
		};
		19DC93B726FE3ACB0074CF39 /* LaunchScreen.storyboard */ = {
			isa = PBXVariantGroup;
			children = (
				19DC93B826FE3ACB0074CF39 /* Base */,
			);
			name = LaunchScreen.storyboard;
			sourceTree = "<group>";
		};
/* End PBXVariantGroup section */

/* Begin XCBuildConfiguration section */
		19DC93D126FE3ACB0074CF39 /* Debug */ = {
			isa = XCBuildConfiguration;
			buildSettings = {
				ALWAYS_SEARCH_USER_PATHS = NO;
				CLANG_ANALYZER_NONNULL = YES;
				CLANG_ANALYZER_NUMBER_OBJECT_CONVERSION = YES_AGGRESSIVE;
				CLANG_CXX_LANGUAGE_STANDARD = "gnu++14";
				CLANG_CXX_LIBRARY = "libc++";
				CLANG_ENABLE_MODULES = YES;
				CLANG_ENABLE_OBJC_ARC = YES;
				CLANG_ENABLE_OBJC_WEAK = YES;
				CLANG_WARN_BLOCK_CAPTURE_AUTORELEASING = YES;
				CLANG_WARN_BOOL_CONVERSION = YES;
				CLANG_WARN_COMMA = YES;
				CLANG_WARN_CONSTANT_CONVERSION = YES;
				CLANG_WARN_DEPRECATED_OBJC_IMPLEMENTATIONS = YES;
				CLANG_WARN_DIRECT_OBJC_ISA_USAGE = YES_ERROR;
				CLANG_WARN_DOCUMENTATION_COMMENTS = YES;
				CLANG_WARN_EMPTY_BODY = YES;
				CLANG_WARN_ENUM_CONVERSION = YES;
				CLANG_WARN_INFINITE_RECURSION = YES;
				CLANG_WARN_INT_CONVERSION = YES;
				CLANG_WARN_NON_LITERAL_NULL_CONVERSION = YES;
				CLANG_WARN_OBJC_IMPLICIT_RETAIN_SELF = YES;
				CLANG_WARN_OBJC_LITERAL_CONVERSION = YES;
				CLANG_WARN_OBJC_ROOT_CLASS = YES_ERROR;
				CLANG_WARN_QUOTED_INCLUDE_IN_FRAMEWORK_HEADER = YES;
				CLANG_WARN_RANGE_LOOP_ANALYSIS = YES;
				CLANG_WARN_STRICT_PROTOTYPES = YES;
				CLANG_WARN_SUSPICIOUS_MOVE = YES;
				CLANG_WARN_UNGUARDED_AVAILABILITY = YES_AGGRESSIVE;
				CLANG_WARN_UNREACHABLE_CODE = YES;
				CLANG_WARN__DUPLICATE_METHOD_MATCH = YES;
				COPY_PHASE_STRIP = NO;
				DEBUG_INFORMATION_FORMAT = dwarf;
				ENABLE_STRICT_OBJC_MSGSEND = YES;
				ENABLE_TESTABILITY = YES;
				GCC_C_LANGUAGE_STANDARD = gnu11;
				GCC_DYNAMIC_NO_PIC = NO;
				GCC_NO_COMMON_BLOCKS = YES;
				GCC_OPTIMIZATION_LEVEL = 0;
				GCC_PREPROCESSOR_DEFINITIONS = (
					"DEBUG=1",
					"$(inherited)",
				);
				GCC_WARN_64_TO_32_BIT_CONVERSION = YES;
				GCC_WARN_ABOUT_RETURN_TYPE = YES_ERROR;
				GCC_WARN_UNDECLARED_SELECTOR = YES;
				GCC_WARN_UNINITIALIZED_AUTOS = YES_AGGRESSIVE;
				GCC_WARN_UNUSED_FUNCTION = YES;
				GCC_WARN_UNUSED_VARIABLE = YES;
				IPHONEOS_DEPLOYMENT_TARGET = 14.5;
				MTL_ENABLE_DEBUG_INFO = INCLUDE_SOURCE;
				MTL_FAST_MATH = YES;
				ONLY_ACTIVE_ARCH = YES;
				SDKROOT = iphoneos;
				SWIFT_ACTIVE_COMPILATION_CONDITIONS = DEBUG;
				SWIFT_OPTIMIZATION_LEVEL = "-Onone";
			};
			name = Debug;
		};
		19DC93D226FE3ACB0074CF39 /* Release */ = {
			isa = XCBuildConfiguration;
			buildSettings = {
				ALWAYS_SEARCH_USER_PATHS = NO;
				CLANG_ANALYZER_NONNULL = YES;
				CLANG_ANALYZER_NUMBER_OBJECT_CONVERSION = YES_AGGRESSIVE;
				CLANG_CXX_LANGUAGE_STANDARD = "gnu++14";
				CLANG_CXX_LIBRARY = "libc++";
				CLANG_ENABLE_MODULES = YES;
				CLANG_ENABLE_OBJC_ARC = YES;
				CLANG_ENABLE_OBJC_WEAK = YES;
				CLANG_WARN_BLOCK_CAPTURE_AUTORELEASING = YES;
				CLANG_WARN_BOOL_CONVERSION = YES;
				CLANG_WARN_COMMA = YES;
				CLANG_WARN_CONSTANT_CONVERSION = YES;
				CLANG_WARN_DEPRECATED_OBJC_IMPLEMENTATIONS = YES;
				CLANG_WARN_DIRECT_OBJC_ISA_USAGE = YES_ERROR;
				CLANG_WARN_DOCUMENTATION_COMMENTS = YES;
				CLANG_WARN_EMPTY_BODY = YES;
				CLANG_WARN_ENUM_CONVERSION = YES;
				CLANG_WARN_INFINITE_RECURSION = YES;
				CLANG_WARN_INT_CONVERSION = YES;
				CLANG_WARN_NON_LITERAL_NULL_CONVERSION = YES;
				CLANG_WARN_OBJC_IMPLICIT_RETAIN_SELF = YES;
				CLANG_WARN_OBJC_LITERAL_CONVERSION = YES;
				CLANG_WARN_OBJC_ROOT_CLASS = YES_ERROR;
				CLANG_WARN_QUOTED_INCLUDE_IN_FRAMEWORK_HEADER = YES;
				CLANG_WARN_RANGE_LOOP_ANALYSIS = YES;
				CLANG_WARN_STRICT_PROTOTYPES = YES;
				CLANG_WARN_SUSPICIOUS_MOVE = YES;
				CLANG_WARN_UNGUARDED_AVAILABILITY = YES_AGGRESSIVE;
				CLANG_WARN_UNREACHABLE_CODE = YES;
				CLANG_WARN__DUPLICATE_METHOD_MATCH = YES;
				COPY_PHASE_STRIP = NO;
				DEBUG_INFORMATION_FORMAT = "dwarf-with-dsym";
				ENABLE_NS_ASSERTIONS = NO;
				ENABLE_STRICT_OBJC_MSGSEND = YES;
				GCC_C_LANGUAGE_STANDARD = gnu11;
				GCC_NO_COMMON_BLOCKS = YES;
				GCC_WARN_64_TO_32_BIT_CONVERSION = YES;
				GCC_WARN_ABOUT_RETURN_TYPE = YES_ERROR;
				GCC_WARN_UNDECLARED_SELECTOR = YES;
				GCC_WARN_UNINITIALIZED_AUTOS = YES_AGGRESSIVE;
				GCC_WARN_UNUSED_FUNCTION = YES;
				GCC_WARN_UNUSED_VARIABLE = YES;
				IPHONEOS_DEPLOYMENT_TARGET = 14.5;
				MTL_ENABLE_DEBUG_INFO = NO;
				MTL_FAST_MATH = YES;
				SDKROOT = iphoneos;
				SWIFT_COMPILATION_MODE = wholemodule;
				SWIFT_OPTIMIZATION_LEVEL = "-O";
				VALIDATE_PRODUCT = YES;
			};
			name = Release;
		};
		19DC93D426FE3ACB0074CF39 /* Debug */ = {
			isa = XCBuildConfiguration;
			buildSettings = {
				ASSETCATALOG_COMPILER_APPICON_NAME = AppIcon;
				ASSETCATALOG_COMPILER_GLOBAL_ACCENT_COLOR_NAME = AccentColor;
				CODE_SIGN_ENTITLEMENTS = WorkoutsForABetterTomorrow/WorkoutsForABetterTomorrow.entitlements;
				CODE_SIGN_STYLE = Automatic;
				DEVELOPMENT_TEAM = A58PMS5ZRR;
				INFOPLIST_FILE = WorkoutsForABetterTomorrow/Info.plist;
				LD_RUNPATH_SEARCH_PATHS = (
					"$(inherited)",
					"@executable_path/Frameworks",
				);
				PRODUCT_BUNDLE_IDENTIFIER = ElioHanna.WorkoutsForABetterTomorrow;
				PRODUCT_NAME = "$(TARGET_NAME)";
				SWIFT_VERSION = 5.0;
				TARGETED_DEVICE_FAMILY = "1,2";
			};
			name = Debug;
		};
		19DC93D526FE3ACB0074CF39 /* Release */ = {
			isa = XCBuildConfiguration;
			buildSettings = {
				ASSETCATALOG_COMPILER_APPICON_NAME = AppIcon;
				ASSETCATALOG_COMPILER_GLOBAL_ACCENT_COLOR_NAME = AccentColor;
				CODE_SIGN_ENTITLEMENTS = WorkoutsForABetterTomorrow/WorkoutsForABetterTomorrow.entitlements;
				CODE_SIGN_STYLE = Automatic;
				DEVELOPMENT_TEAM = A58PMS5ZRR;
				INFOPLIST_FILE = WorkoutsForABetterTomorrow/Info.plist;
				LD_RUNPATH_SEARCH_PATHS = (
					"$(inherited)",
					"@executable_path/Frameworks",
				);
				PRODUCT_BUNDLE_IDENTIFIER = ElioHanna.WorkoutsForABetterTomorrow;
				PRODUCT_NAME = "$(TARGET_NAME)";
				SWIFT_VERSION = 5.0;
				TARGETED_DEVICE_FAMILY = "1,2";
			};
			name = Release;
		};
		19DC93D726FE3ACB0074CF39 /* Debug */ = {
			isa = XCBuildConfiguration;
			buildSettings = {
				ALWAYS_EMBED_SWIFT_STANDARD_LIBRARIES = YES;
				BUNDLE_LOADER = "$(TEST_HOST)";
				CODE_SIGN_STYLE = Automatic;
				INFOPLIST_FILE = WorkoutsForABetterTomorrowTests/Info.plist;
				IPHONEOS_DEPLOYMENT_TARGET = 14.5;
				LD_RUNPATH_SEARCH_PATHS = (
					"$(inherited)",
					"@executable_path/Frameworks",
					"@loader_path/Frameworks",
				);
				PRODUCT_BUNDLE_IDENTIFIER = ElioHanna.WorkoutsForABetterTomorrowTests;
				PRODUCT_NAME = "$(TARGET_NAME)";
				SWIFT_VERSION = 5.0;
				TARGETED_DEVICE_FAMILY = "1,2";
				TEST_HOST = "$(BUILT_PRODUCTS_DIR)/WorkoutsForABetterTomorrow.app/WorkoutsForABetterTomorrow";
			};
			name = Debug;
		};
		19DC93D826FE3ACB0074CF39 /* Release */ = {
			isa = XCBuildConfiguration;
			buildSettings = {
				ALWAYS_EMBED_SWIFT_STANDARD_LIBRARIES = YES;
				BUNDLE_LOADER = "$(TEST_HOST)";
				CODE_SIGN_STYLE = Automatic;
				INFOPLIST_FILE = WorkoutsForABetterTomorrowTests/Info.plist;
				IPHONEOS_DEPLOYMENT_TARGET = 14.5;
				LD_RUNPATH_SEARCH_PATHS = (
					"$(inherited)",
					"@executable_path/Frameworks",
					"@loader_path/Frameworks",
				);
				PRODUCT_BUNDLE_IDENTIFIER = ElioHanna.WorkoutsForABetterTomorrowTests;
				PRODUCT_NAME = "$(TARGET_NAME)";
				SWIFT_VERSION = 5.0;
				TARGETED_DEVICE_FAMILY = "1,2";
				TEST_HOST = "$(BUILT_PRODUCTS_DIR)/WorkoutsForABetterTomorrow.app/WorkoutsForABetterTomorrow";
			};
			name = Release;
		};
/* End XCBuildConfiguration section */

/* Begin XCConfigurationList section */
		19DC93A426FE3ACA0074CF39 /* Build configuration list for PBXProject "WorkoutsForABetterTomorrow" */ = {
			isa = XCConfigurationList;
			buildConfigurations = (
				19DC93D126FE3ACB0074CF39 /* Debug */,
				19DC93D226FE3ACB0074CF39 /* Release */,
			);
			defaultConfigurationIsVisible = 0;
			defaultConfigurationName = Release;
		};
		19DC93D326FE3ACB0074CF39 /* Build configuration list for PBXNativeTarget "WorkoutsForABetterTomorrow" */ = {
			isa = XCConfigurationList;
			buildConfigurations = (
				19DC93D426FE3ACB0074CF39 /* Debug */,
				19DC93D526FE3ACB0074CF39 /* Release */,
			);
			defaultConfigurationIsVisible = 0;
			defaultConfigurationName = Release;
		};
		19DC93D626FE3ACB0074CF39 /* Build configuration list for PBXNativeTarget "WorkoutsForABetterTomorrowTests" */ = {
			isa = XCConfigurationList;
			buildConfigurations = (
				19DC93D726FE3ACB0074CF39 /* Debug */,
				19DC93D826FE3ACB0074CF39 /* Release */,
			);
			defaultConfigurationIsVisible = 0;
			defaultConfigurationName = Release;
		};
/* End XCConfigurationList section */

/* Begin XCSwiftPackageProductDependency section */
		19DC941D26FE3C090074CF39 /* HealthKitHelper */ = {
			isa = XCSwiftPackageProductDependency;
			productName = HealthKitHelper;
		};
/* End XCSwiftPackageProductDependency section */

/* Begin XCVersionGroup section */
		19DC9485270100900074CF39 /* WorkoutsForABetterTomorrow.xcdatamodeld */ = {
			isa = XCVersionGroup;
			children = (
				19DC9486270100900074CF39 /* WorkoutsForABetterTomorrow.xcdatamodel */,
			);
			currentVersion = 19DC9486270100900074CF39 /* WorkoutsForABetterTomorrow.xcdatamodel */;
			path = WorkoutsForABetterTomorrow.xcdatamodeld;
			sourceTree = "<group>";
			versionGroupType = wrapper.xcdatamodel;
		};
/* End XCVersionGroup section */
	};
	rootObject = 19DC93A126FE3ACA0074CF39 /* Project object */;
}
